{
  "version": 4,
  "terraform_version": "1.14.7",
  "serial": 10,
  "lineage": "35bbf2bd-f9e4-e894-aa14-0578fddf54a0",
  "outputs": {
    "aws_deploy_policy_arn_dev": {
      "value": "arn:aws:iam::237710157750:policy/gha-terraform-deploy-policy-dev",
      "type": "string"
    },
    "aws_role_arn_dev": {
      "value": "arn:aws:iam::237710157750:role/gha-terraform-deploy-dev",
      "type": "string"
    },
    "github_oidc_provider_arn_dev": {
      "value": "arn:aws:iam::237710157750:oidc-provider/token.actions.githubusercontent.com",
      "type": "string"
    },
    "terraform_state_bucket_dev": {
      "value": "cicd-state-dev",
      "type": "string"
    }
  },
  "resources": [
    {
      "module": "module.state_backend",
      "mode": "data",
      "type": "aws_iam_policy_document",
      "name": "deploy",
      "provider": "provider[\"registry.terraform.io/hashicorp/aws\"]",
      "instances": [
        {
          "schema_version": 0,
          "attributes": {
            "id": "750662330",
            "json": "{\n  \"Version\": \"2012-10-17\",\n  \"Statement\": [\n    {\n      \"Effect\": \"Allow\",\n      \"Action\": [\n        \"iam:UntagRole\",\n        \"iam:TagRole\",\n        \"iam:PutRolePolicy\",\n        \"iam:PassRole\",\n        \"iam:ListRolePolicies\",\n        \"iam:ListInstanceProfilesForRole\",\n        \"iam:ListAttachedRolePolicies\",\n        \"iam:GetRolePolicy\",\n        \"iam:GetRole\",\n        \"iam:DetachRolePolicy\",\n        \"iam:DeleteRolePolicy\",\n        \"iam:DeleteRole\",\n        \"iam:CreateRole\",\n        \"iam:AttachRolePolicy\"\n      ],\n      \"Resource\": \"*\"\n    },\n    {\n      \"Effect\": \"Allow\",\n      \"Action\": [\n        \"states:*\",\n        \"ssm:*\",\n        \"s3:*\",\n        \"logs:*\",\n        \"lambda:*\",\n        \"events:*\",\n        \"dynamodb:*\"\n      ],\n      \"Resource\": \"*\"\n    }\n  ]\n}",
            "minified_json": "{\"Version\":\"2012-10-17\",\"Statement\":[{\"Effect\":\"Allow\",\"Action\":[\"iam:UntagRole\",\"iam:TagRole\",\"iam:PutRolePolicy\",\"iam:PassRole\",\"iam:ListRolePolicies\",\"iam:ListInstanceProfilesForRole\",\"iam:ListAttachedRolePolicies\",\"iam:GetRolePolicy\",\"iam:GetRole\",\"iam:DetachRolePolicy\",\"iam:DeleteRolePolicy\",\"iam:DeleteRole\",\"iam:CreateRole\",\"iam:AttachRolePolicy\"],\"Resource\":\"*\"},{\"Effect\":\"Allow\",\"Action\":[\"states:*\",\"ssm:*\",\"s3:*\",\"logs:*\",\"lambda:*\",\"events:*\",\"dynamodb:*\"],\"Resource\":\"*\"}]}",
            "override_json": null,
            "override_policy_documents": null,
            "policy_id": null,
            "source_json": null,
            "source_policy_documents": null,
            "statement": [
              {
                "actions": [
                  "iam:AttachRolePolicy",
                  "iam:CreateRole",
                  "iam:DeleteRole",
                  "iam:DeleteRolePolicy",
                  "iam:DetachRolePolicy",
                  "iam:GetRole",
                  "iam:GetRolePolicy",
                  "iam:ListAttachedRolePolicies",
                  "iam:ListInstanceProfilesForRole",
                  "iam:ListRolePolicies",
                  "iam:PassRole",
                  "iam:PutRolePolicy",
                  "iam:TagRole",
                  "iam:UntagRole"
                ],
                "condition": [],
                "effect": "Allow",
                "not_actions": [],
                "not_principals": [],
                "not_resources": [],
                "principals": [],
                "resources": [
                  "*"
                ],
                "sid": ""
              },
              {
                "actions": [
                  "dynamodb:*",
                  "events:*",
                  "lambda:*",
                  "logs:*",
                  "s3:*",
                  "ssm:*",
                  "states:*"
                ],
                "condition": [],
                "effect": "Allow",
                "not_actions": [],
                "not_principals": [],
                "not_resources": [],
                "principals": [],
                "resources": [
                  "*"
                ],
                "sid": ""
              }
            ],
            "version": "2012-10-17"
          },
          "sensitive_attributes": [],
          "identity_schema_version": 0
        }
      ]
    },
    {
      "module": "module.state_backend",
      "mode": "data",
      "type": "aws_iam_policy_document",
      "name": "gha_assume",
      "provider": "provider[\"registry.terraform.io/hashicorp/aws\"]",
      "instances": [
        {
          "schema_version": 0,
          "attributes": {
            "id": "983153633",
            "json": "{\n  \"Version\": \"2012-10-17\",\n  \"Statement\": [\n    {\n      \"Effect\": \"Allow\",\n      \"Action\": \"sts:AssumeRoleWithWebIdentity\",\n      \"Principal\": {\n        \"Federated\": \"arn:aws:iam::237710157750:oidc-provider/token.actions.githubusercontent.com\"\n      },\n      \"Condition\": {\n        \"StringEquals\": {\n          \"token.actions.githubusercontent.com:aud\": \"sts.amazonaws.com\"\n        },\n        \"StringLike\": {\n          \"token.actions.githubusercontent.com:sub\": \"repo:development-t/twilio-flow-custom-parts-kawagoe-city:*\"\n        }\n      }\n    }\n  ]\n}",
            "minified_json": "{\"Version\":\"2012-10-17\",\"Statement\":[{\"Effect\":\"Allow\",\"Action\":\"sts:AssumeRoleWithWebIdentity\",\"Principal\":{\"Federated\":\"arn:aws:iam::237710157750:oidc-provider/token.actions.githubusercontent.com\"},\"Condition\":{\"StringEquals\":{\"token.actions.githubusercontent.com:aud\":\"sts.amazonaws.com\"},\"StringLike\":{\"token.actions.githubusercontent.com:sub\":\"repo:development-t/twilio-flow-custom-parts-kawagoe-city:*\"}}}]}",
            "override_json": null,
            "override_policy_documents": null,
            "policy_id": null,
            "source_json": null,
            "source_policy_documents": null,
            "statement": [
              {
                "actions": [
                  "sts:AssumeRoleWithWebIdentity"
                ],
                "condition": [
                  {
                    "test": "StringEquals",
                    "values": [
                      "sts.amazonaws.com"
                    ],
                    "variable": "token.actions.githubusercontent.com:aud"
                  },
                  {
                    "test": "StringLike",
                    "values": [
                      "repo:development-t/twilio-flow-custom-parts-kawagoe-city:*"
                    ],
                    "variable": "token.actions.githubusercontent.com:sub"
                  }
                ],
                "effect": "Allow",
                "not_actions": [],
                "not_principals": [],
                "not_resources": [],
                "principals": [
                  {
                    "identifiers": [
                      "arn:aws:iam::237710157750:oidc-provider/token.actions.githubusercontent.com"
                    ],
                    "type": "Federated"
                  }
                ],
                "resources": [],
                "sid": ""
              }
            ],
            "version": "2012-10-17"
          },
          "sensitive_attributes": [],
          "identity_schema_version": 0
        }
      ]
    },
    {
      "module": "module.state_backend",
      "mode": "managed",
      "type": "aws_iam_openid_connect_provider",
      "name": "github",
      "provider": "provider[\"registry.terraform.io/hashicorp/aws\"]",
      "instances": [
        {
          "schema_version": 0,
          "attributes": {
            "arn": "arn:aws:iam::237710157750:oidc-provider/token.actions.githubusercontent.com",
            "client_id_list": [
              "sts.amazonaws.com"
            ],
            "id": "arn:aws:iam::237710157750:oidc-provider/token.actions.githubusercontent.com",
            "tags": null,
            "tags_all": {},
            "thumbprint_list": [
              "6938fd4d98bab03faadb97b34396831e3780aea1"
            ],
            "url": "token.actions.githubusercontent.com"
          },
          "sensitive_attributes": [],
          "identity_schema_version": 0,
          "identity": {
            "arn": "arn:aws:iam::237710157750:oidc-provider/token.actions.githubusercontent.com"
          },
          "private": "bnVsbA=="
        }
      ]
    },
    {
      "module": "module.state_backend",
      "mode": "managed",
      "type": "aws_iam_policy",
      "name": "deploy",
      "provider": "provider[\"registry.terraform.io/hashicorp/aws\"]",
      "instances": [
        {
          "schema_version": 0,
          "attributes": {
            "arn": "arn:aws:iam::237710157750:policy/gha-terraform-deploy-policy-dev",
            "attachment_count": 0,
            "delay_after_policy_creation_in_ms": null,
            "description": "",
            "id": "arn:aws:iam::237710157750:policy/gha-terraform-deploy-policy-dev",
            "name": "gha-terraform-deploy-policy-dev",
            "name_prefix": "",
            "path": "/",
            "policy": "{\"Statement\":[{\"Action\":[\"iam:UntagRole\",\"iam:TagRole\",\"iam:PutRolePolicy\",\"iam:PassRole\",\"iam:ListRolePolicies\",\"iam:ListInstanceProfilesForRole\",\"iam:ListAttachedRolePolicies\",\"iam:GetRolePolicy\",\"iam:GetRole\",\"iam:DetachRolePolicy\",\"iam:DeleteRolePolicy\",\"iam:DeleteRole\",\"iam:CreateRole\",\"iam:AttachRolePolicy\"],\"Effect\":\"Allow\",\"Resource\":\"*\"},{\"Action\":[\"states:*\",\"ssm:*\",\"s3:*\",\"logs:*\",\"lambda:*\",\"events:*\",\"dynamodb:*\"],\"Effect\":\"Allow\",\"Resource\":\"*\"}],\"Version\":\"2012-10-17\"}",
            "policy_id": "ANPATOWFBE63FVTSYWMU7",
            "tags": null,
            "tags_all": {}
          },
          "sensitive_attributes": [],
          "identity_schema_version": 0,
          "identity": {
            "arn": "arn:aws:iam::237710157750:policy/gha-terraform-deploy-policy-dev"
          },
          "private": "bnVsbA==",
          "dependencies": [
            "module.state_backend.data.aws_iam_policy_document.deploy"
          ]
        }
      ]
    },
    {
      "module": "module.state_backend",
      "mode": "managed",
      "type": "aws_iam_role",
      "name": "deploy",
      "provider": "provider[\"registry.terraform.io/hashicorp/aws\"]",
      "instances": [
        {
          "schema_version": 0,
          "attributes": {
            "arn": "arn:aws:iam::237710157750:role/gha-terraform-deploy-dev",
            "assume_role_policy": "{\"Statement\":[{\"Action\":\"sts:AssumeRoleWithWebIdentity\",\"Condition\":{\"StringEquals\":{\"token.actions.githubusercontent.com:aud\":\"sts.amazonaws.com\"},\"StringLike\":{\"token.actions.githubusercontent.com:sub\":\"repo:development-t/twilio-flow-custom-parts-kawagoe-city:*\"}},\"Effect\":\"Allow\",\"Principal\":{\"Federated\":\"arn:aws:iam::237710157750:oidc-provider/token.actions.githubusercontent.com\"}}],\"Version\":\"2012-10-17\"}",
            "create_date": "2026-03-27T07:34:30Z",
            "description": "",
            "force_detach_policies": false,
            "id": "gha-terraform-deploy-dev",
            "inline_policy": [],
            "managed_policy_arns": [],
            "max_session_duration": 3600,
            "name": "gha-terraform-deploy-dev",
            "name_prefix": "",
            "path": "/",
            "permissions_boundary": "",
            "tags": null,
            "tags_all": {},
            "unique_id": "AROATOWFBE63IGG6H66WB"
          },
          "sensitive_attributes": [],
          "identity_schema_version": 0,
          "identity": {
            "account_id": "237710157750",
            "name": "gha-terraform-deploy-dev"
          },
          "private": "bnVsbA==",
          "dependencies": [
            "module.state_backend.aws_iam_openid_connect_provider.github",
            "module.state_backend.data.aws_iam_policy_document.gha_assume"
          ]
        }
      ]
    },
    {
      "module": "module.state_backend",
      "mode": "managed",
      "type": "aws_iam_role_policy_attachment",
      "name": "deploy",
      "provider": "provider[\"registry.terraform.io/hashicorp/aws\"]",
      "instances": [
        {
          "schema_version": 0,
          "attributes": {
            "id": "gha-terraform-deploy-dev/arn:aws:iam::237710157750:policy/gha-terraform-deploy-policy-dev",
            "policy_arn": "arn:aws:iam::237710157750:policy/gha-terraform-deploy-policy-dev",
            "role": "gha-terraform-deploy-dev"
          },
          "sensitive_attributes": [],
          "identity_schema_version": 0,
          "identity": {
            "account_id": "237710157750",
            "policy_arn": "arn:aws:iam::237710157750:policy/gha-terraform-deploy-policy-dev",
            "role": "gha-terraform-deploy-dev"
          },
          "private": "bnVsbA==",
          "dependencies": [
            "module.state_backend.aws_iam_openid_connect_provider.github",
            "module.state_backend.aws_iam_policy.deploy",
            "module.state_backend.aws_iam_role.deploy",
            "module.state_backend.data.aws_iam_policy_document.deploy",
            "module.state_backend.data.aws_iam_policy_document.gha_assume"
          ]
        }
      ]
    },
    {
      "module": "module.state_backend",
      "mode": "managed",
      "type": "aws_s3_bucket",
      "name": "tf_state",
      "provider": "provider[\"registry.terraform.io/hashicorp/aws\"]",
      "instances": [
        {
          "schema_version": 0,
          "attributes": {
            "acceleration_status": "",
            "acl": null,
            "arn": "arn:aws:s3:::cicd-state-dev",
            "bucket": "cicd-state-dev",
            "bucket_domain_name": "cicd-state-dev.s3.amazonaws.com",
            "bucket_namespace": "global",
            "bucket_prefix": "",
            "bucket_region": "ap-northeast-1",
            "bucket_regional_domain_name": "cicd-state-dev.s3.ap-northeast-1.amazonaws.com",
            "cors_rule": [],
            "force_destroy": false,
            "grant": [
              {
                "id": "5fbfa09b6d128ce442c09c83182cf1d6f14247eb6e383e14e66607cb217470ed",
                "permissions": [
                  "FULL_CONTROL"
                ],
                "type": "CanonicalUser",
                "uri": ""
              }
            ],
            "hosted_zone_id": "Z2M4EHUR26P7ZW",
            "id": "cicd-state-dev",
            "lifecycle_rule": [],
            "logging": [],
            "object_lock_configuration": [],
            "object_lock_enabled": false,
            "policy": "",
            "region": "ap-northeast-1",
            "replication_configuration": [],
            "request_payer": "BucketOwner",
            "server_side_encryption_configuration": [
              {
                "rule": [
                  {
                    "apply_server_side_encryption_by_default": [
                      {
                        "kms_master_key_id": "",
                        "sse_algorithm": "AES256"
                      }
                    ],
                    "bucket_key_enabled": false
                  }
                ]
              }
            ],
            "tags": null,
            "tags_all": {},
            "timeouts": null,
            "versioning": [
              {
                "enabled": false,
                "mfa_delete": false
              }
            ],
            "website": [],
            "website_domain": null,
            "website_endpoint": null
          },
          "sensitive_attributes": [],
          "identity_schema_version": 0,
          "identity": {
            "account_id": "237710157750",
            "bucket": "cicd-state-dev",
            "region": "ap-northeast-1"
          },
          "private": "eyJlMmJmYjczMC1lY2FhLTExZTYtOGY4OC0zNDM2M2JjN2M0YzAiOnsiY3JlYXRlIjoxMjAwMDAwMDAwMDAwLCJkZWxldGUiOjM2MDAwMDAwMDAwMDAsInJlYWQiOjEyMDAwMDAwMDAwMDAsInVwZGF0ZSI6MTIwMDAwMDAwMDAwMH19"
        }
      ]
    },
    {
      "module": "module.state_backend",
      "mode": "managed",
      "type": "aws_s3_bucket_public_access_block",
      "name": "tf_state",
      "provider": "provider[\"registry.terraform.io/hashicorp/aws\"]",
      "instances": [
        {
          "schema_version": 0,
          "attributes": {
            "block_public_acls": true,
            "block_public_policy": true,
            "bucket": "cicd-state-dev",
            "id": "cicd-state-dev",
            "ignore_public_acls": true,
            "region": "ap-northeast-1",
            "restrict_public_buckets": true,
            "skip_destroy": null
          },
          "sensitive_attributes": [],
          "identity_schema_version": 0,
          "identity": {
            "account_id": "237710157750",
            "bucket": "cicd-state-dev",
            "region": "ap-northeast-1"
          },
          "private": "bnVsbA==",
          "dependencies": [
            "module.state_backend.aws_s3_bucket.tf_state"
          ]
        }
      ]
    },
    {
      "module": "module.state_backend",
      "mode": "managed",
      "type": "aws_s3_bucket_server_side_encryption_configuration",
      "name": "tf_state",
      "provider": "provider[\"registry.terraform.io/hashicorp/aws\"]",
      "instances": [
        {
          "schema_version": 0,
          "attributes": {
            "bucket": "cicd-state-dev",
            "expected_bucket_owner": "",
            "id": "cicd-state-dev",
            "region": "ap-northeast-1",
            "rule": [
              {
                "apply_server_side_encryption_by_default": [
                  {
                    "kms_master_key_id": "",
                    "sse_algorithm": "AES256"
                  }
                ],
                "blocked_encryption_types": [],
                "bucket_key_enabled": null
              }
            ]
          },
          "sensitive_attributes": [],
          "identity_schema_version": 1,
          "identity": {
            "account_id": "237710157750",
            "bucket": "cicd-state-dev",
            "region": "ap-northeast-1"
          },
          "private": "bnVsbA==",
          "dependencies": [
            "module.state_backend.aws_s3_bucket.tf_state"
          ]
        }
      ]
    },
    {
      "module": "module.state_backend",
      "mode": "managed",
      "type": "aws_s3_bucket_versioning",
      "name": "tf_state",
      "provider": "provider[\"registry.terraform.io/hashicorp/aws\"]",
      "instances": [
        {
          "schema_version": 0,
          "attributes": {
            "bucket": "cicd-state-dev",
            "expected_bucket_owner": "",
            "id": "cicd-state-dev",
            "mfa": null,
            "region": "ap-northeast-1",
            "versioning_configuration": [
              {
                "mfa_delete": "",
                "status": "Enabled"
              }
            ]
          },
          "sensitive_attributes": [],
          "identity_schema_version": 1,
          "identity": {
            "account_id": "237710157750",
            "bucket": "cicd-state-dev",
            "region": "ap-northeast-1"
          },
          "private": "bnVsbA==",
          "dependencies": [
            "module.state_backend.aws_s3_bucket.tf_state"
          ]
        }
      ]
    }
  ],
  "check_results": null
}
