{
  "version": 4,
  "terraform_version": "1.14.7",
  "serial": 5,
  "lineage": "402b2c40-708d-d447-e9e4-47da7b8f8108",
  "outputs": {
    "aws_deploy_policy_arn_prod": {
      "value": "arn:aws:iam::353666332910:policy/gha-terraform-deploy-policy-prod",
      "type": "string"
    },
    "aws_role_arn_prod": {
      "value": "arn:aws:iam::353666332910:role/gha-terraform-deploy-prod",
      "type": "string"
    },
    "github_oidc_provider_arn_prod": {
      "value": "arn:aws:iam::353666332910:oidc-provider/token.actions.githubusercontent.com",
      "type": "string"
    },
    "terraform_state_bucket_prod": {
      "value": "cicd-state-prod",
      "type": "string"
    }
  },
  "resources": [
    {
      "module": "module.state_backend",
      "mode": "data",
      "type": "aws_caller_identity",
      "name": "current",
      "provider": "provider[\"registry.terraform.io/hashicorp/aws\"]",
      "instances": [
        {
          "schema_version": 0,
          "attributes": {
            "account_id": "353666332910",
            "arn": "arn:aws:iam::353666332910:user/h-katabami",
            "id": "353666332910",
            "user_id": "AIDAVEWBH7DXMLDBBDEUA"
          },
          "sensitive_attributes": [],
          "identity_schema_version": 0
        }
      ]
    },
    {
      "module": "module.state_backend",
      "mode": "data",
      "type": "aws_iam_policy_document",
      "name": "deploy",
      "provider": "provider[\"registry.terraform.io/hashicorp/aws\"]",
      "instances": [
        {
          "schema_version": 0,
          "attributes": {
            "id": "750662330",
            "json": "{\n  \"Version\": \"2012-10-17\",\n  \"Statement\": [\n    {\n      \"Effect\": \"Allow\",\n      \"Action\": [\n        \"iam:UntagRole\",\n        \"iam:TagRole\",\n        \"iam:PutRolePolicy\",\n        \"iam:PassRole\",\n        \"iam:ListRolePolicies\",\n        \"iam:ListInstanceProfilesForRole\",\n        \"iam:ListAttachedRolePolicies\",\n        \"iam:GetRolePolicy\",\n        \"iam:GetRole\",\n        \"iam:DetachRolePolicy\",\n        \"iam:DeleteRolePolicy\",\n        \"iam:DeleteRole\",\n        \"iam:CreateRole\",\n        \"iam:AttachRolePolicy\"\n      ],\n      \"Resource\": \"*\"\n    },\n    {\n      \"Effect\": \"Allow\",\n      \"Action\": [\n        \"states:*\",\n        \"ssm:*\",\n        \"s3:*\",\n        \"logs:*\",\n        \"lambda:*\",\n        \"events:*\",\n        \"dynamodb:*\"\n      ],\n      \"Resource\": \"*\"\n    }\n  ]\n}",
            "minified_json": "{\"Version\":\"2012-10-17\",\"Statement\":[{\"Effect\":\"Allow\",\"Action\":[\"iam:UntagRole\",\"iam:TagRole\",\"iam:PutRolePolicy\",\"iam:PassRole\",\"iam:ListRolePolicies\",\"iam:ListInstanceProfilesForRole\",\"iam:ListAttachedRolePolicies\",\"iam:GetRolePolicy\",\"iam:GetRole\",\"iam:DetachRolePolicy\",\"iam:DeleteRolePolicy\",\"iam:DeleteRole\",\"iam:CreateRole\",\"iam:AttachRolePolicy\"],\"Resource\":\"*\"},{\"Effect\":\"Allow\",\"Action\":[\"states:*\",\"ssm:*\",\"s3:*\",\"logs:*\",\"lambda:*\",\"events:*\",\"dynamodb:*\"],\"Resource\":\"*\"}]}",
            "override_json": null,
            "override_policy_documents": null,
            "policy_id": null,
            "source_json": null,
            "source_policy_documents": null,
            "statement": [
              {
                "actions": [
                  "iam:AttachRolePolicy",
                  "iam:CreateRole",
                  "iam:DeleteRole",
                  "iam:DeleteRolePolicy",
                  "iam:DetachRolePolicy",
                  "iam:GetRole",
                  "iam:GetRolePolicy",
                  "iam:ListAttachedRolePolicies",
                  "iam:ListInstanceProfilesForRole",
                  "iam:ListRolePolicies",
                  "iam:PassRole",
                  "iam:PutRolePolicy",
                  "iam:TagRole",
                  "iam:UntagRole"
                ],
                "condition": [],
                "effect": "Allow",
                "not_actions": [],
                "not_principals": [],
                "not_resources": [],
                "principals": [],
                "resources": [
                  "*"
                ],
                "sid": ""
              },
              {
                "actions": [
                  "dynamodb:*",
                  "events:*",
                  "lambda:*",
                  "logs:*",
                  "s3:*",
                  "ssm:*",
                  "states:*"
                ],
                "condition": [],
                "effect": "Allow",
                "not_actions": [],
                "not_principals": [],
                "not_resources": [],
                "principals": [],
                "resources": [
                  "*"
                ],
                "sid": ""
              }
            ],
            "version": "2012-10-17"
          },
          "sensitive_attributes": [],
          "identity_schema_version": 0
        }
      ]
    },
    {
      "module": "module.state_backend",
      "mode": "data",
      "type": "aws_iam_policy_document",
      "name": "gha_assume",
      "provider": "provider[\"registry.terraform.io/hashicorp/aws\"]",
      "instances": [
        {
          "schema_version": 0,
          "attributes": {
            "id": "2443340383",
            "json": "{\n  \"Version\": \"2012-10-17\",\n  \"Statement\": [\n    {\n      \"Effect\": \"Allow\",\n      \"Action\": \"sts:AssumeRoleWithWebIdentity\",\n      \"Principal\": {\n        \"Federated\": \"arn:aws:iam::353666332910:oidc-provider/token.actions.githubusercontent.com\"\n      },\n      \"Condition\": {\n        \"StringEquals\": {\n          \"token.actions.githubusercontent.com:aud\": \"sts.amazonaws.com\"\n        },\n        \"StringLike\": {\n          \"token.actions.githubusercontent.com:sub\": \"repo:development-t/twilio-flow-custom-parts-kawagoe-city:*\"\n        }\n      }\n    }\n  ]\n}",
            "minified_json": "{\"Version\":\"2012-10-17\",\"Statement\":[{\"Effect\":\"Allow\",\"Action\":\"sts:AssumeRoleWithWebIdentity\",\"Principal\":{\"Federated\":\"arn:aws:iam::353666332910:oidc-provider/token.actions.githubusercontent.com\"},\"Condition\":{\"StringEquals\":{\"token.actions.githubusercontent.com:aud\":\"sts.amazonaws.com\"},\"StringLike\":{\"token.actions.githubusercontent.com:sub\":\"repo:development-t/twilio-flow-custom-parts-kawagoe-city:*\"}}}]}",
            "override_json": null,
            "override_policy_documents": null,
            "policy_id": null,
            "source_json": null,
            "source_policy_documents": null,
            "statement": [
              {
                "actions": [
                  "sts:AssumeRoleWithWebIdentity"
                ],
                "condition": [
                  {
                    "test": "StringEquals",
                    "values": [
                      "sts.amazonaws.com"
                    ],
                    "variable": "token.actions.githubusercontent.com:aud"
                  },
                  {
                    "test": "StringLike",
                    "values": [
                      "repo:development-t/twilio-flow-custom-parts-kawagoe-city:*"
                    ],
                    "variable": "token.actions.githubusercontent.com:sub"
                  }
                ],
                "effect": "Allow",
                "not_actions": [],
                "not_principals": [],
                "not_resources": [],
                "principals": [
                  {
                    "identifiers": [
                      "arn:aws:iam::353666332910:oidc-provider/token.actions.githubusercontent.com"
                    ],
                    "type": "Federated"
                  }
                ],
                "resources": [],
                "sid": ""
              }
            ],
            "version": "2012-10-17"
          },
          "sensitive_attributes": [],
          "identity_schema_version": 0
        }
      ]
    },
    {
      "module": "module.state_backend",
      "mode": "managed",
      "type": "aws_iam_openid_connect_provider",
      "name": "github",
      "provider": "provider[\"registry.terraform.io/hashicorp/aws\"]",
      "instances": []
    },
    {
      "module": "module.state_backend",
      "mode": "managed",
      "type": "aws_iam_policy",
      "name": "deploy",
      "provider": "provider[\"registry.terraform.io/hashicorp/aws\"]",
      "instances": [
        {
          "schema_version": 0,
          "attributes": {
            "arn": "arn:aws:iam::353666332910:policy/gha-terraform-deploy-policy-prod",
            "attachment_count": 0,
            "delay_after_policy_creation_in_ms": null,
            "description": "",
            "id": "arn:aws:iam::353666332910:policy/gha-terraform-deploy-policy-prod",
            "name": "gha-terraform-deploy-policy-prod",
            "name_prefix": "",
            "path": "/",
            "policy": "{\"Statement\":[{\"Action\":[\"iam:UntagRole\",\"iam:TagRole\",\"iam:PutRolePolicy\",\"iam:PassRole\",\"iam:ListRolePolicies\",\"iam:ListInstanceProfilesForRole\",\"iam:ListAttachedRolePolicies\",\"iam:GetRolePolicy\",\"iam:GetRole\",\"iam:DetachRolePolicy\",\"iam:DeleteRolePolicy\",\"iam:DeleteRole\",\"iam:CreateRole\",\"iam:AttachRolePolicy\"],\"Effect\":\"Allow\",\"Resource\":\"*\"},{\"Action\":[\"states:*\",\"ssm:*\",\"s3:*\",\"logs:*\",\"lambda:*\",\"events:*\",\"dynamodb:*\"],\"Effect\":\"Allow\",\"Resource\":\"*\"}],\"Version\":\"2012-10-17\"}",
            "policy_id": "ANPAVEWBH7DXBV4QT33Z4",
            "tags": null,
            "tags_all": {}
          },
          "sensitive_attributes": [],
          "identity_schema_version": 0,
          "identity": {
            "arn": "arn:aws:iam::353666332910:policy/gha-terraform-deploy-policy-prod"
          },
          "private": "bnVsbA==",
          "dependencies": [
            "module.state_backend.data.aws_iam_policy_document.deploy"
          ]
        }
      ]
    },
    {
      "module": "module.state_backend",
      "mode": "managed",
      "type": "aws_iam_role",
      "name": "deploy",
      "provider": "provider[\"registry.terraform.io/hashicorp/aws\"]",
      "instances": [
        {
          "schema_version": 0,
          "attributes": {
            "arn": "arn:aws:iam::353666332910:role/gha-terraform-deploy-prod",
            "assume_role_policy": "{\"Statement\":[{\"Action\":\"sts:AssumeRoleWithWebIdentity\",\"Condition\":{\"StringEquals\":{\"token.actions.githubusercontent.com:aud\":\"sts.amazonaws.com\"},\"StringLike\":{\"token.actions.githubusercontent.com:sub\":\"repo:development-t/twilio-flow-custom-parts-kawagoe-city:*\"}},\"Effect\":\"Allow\",\"Principal\":{\"Federated\":\"arn:aws:iam::353666332910:oidc-provider/token.actions.githubusercontent.com\"}}],\"Version\":\"2012-10-17\"}",
            "create_date": "2026-03-27T07:43:28Z",
            "description": "",
            "force_detach_policies": false,
            "id": "gha-terraform-deploy-prod",
            "inline_policy": [],
            "managed_policy_arns": [],
            "max_session_duration": 3600,
            "name": "gha-terraform-deploy-prod",
            "name_prefix": "",
            "path": "/",
            "permissions_boundary": "",
            "tags": null,
            "tags_all": {},
            "unique_id": "AROAVEWBH7DXKIXBWGCPK"
          },
          "sensitive_attributes": [],
          "identity_schema_version": 0,
          "identity": {
            "account_id": "353666332910",
            "name": "gha-terraform-deploy-prod"
          },
          "private": "bnVsbA==",
          "dependencies": [
            "module.state_backend.aws_iam_openid_connect_provider.github",
            "module.state_backend.data.aws_caller_identity.current",
            "module.state_backend.data.aws_iam_policy_document.gha_assume"
          ]
        }
      ]
    },
    {
      "module": "module.state_backend",
      "mode": "managed",
      "type": "aws_iam_role_policy_attachment",
      "name": "deploy",
      "provider": "provider[\"registry.terraform.io/hashicorp/aws\"]",
      "instances": [
        {
          "schema_version": 0,
          "attributes": {
            "id": "gha-terraform-deploy-prod/arn:aws:iam::353666332910:policy/gha-terraform-deploy-policy-prod",
            "policy_arn": "arn:aws:iam::353666332910:policy/gha-terraform-deploy-policy-prod",
            "role": "gha-terraform-deploy-prod"
          },
          "sensitive_attributes": [],
          "identity_schema_version": 0,
          "identity": {
            "account_id": "353666332910",
            "policy_arn": "arn:aws:iam::353666332910:policy/gha-terraform-deploy-policy-prod",
            "role": "gha-terraform-deploy-prod"
          },
          "private": "bnVsbA==",
          "dependencies": [
            "module.state_backend.aws_iam_openid_connect_provider.github",
            "module.state_backend.aws_iam_policy.deploy",
            "module.state_backend.aws_iam_role.deploy",
            "module.state_backend.data.aws_caller_identity.current",
            "module.state_backend.data.aws_iam_policy_document.deploy",
            "module.state_backend.data.aws_iam_policy_document.gha_assume"
          ]
        }
      ]
    }
  ],
  "check_results": null
}
